{
  "version": 4,
  "terraform_version": "1.13.4",
  "serial": 7,
  "lineage": "d8d80706-2eef-c5d3-f7fd-1f732af8d3f9",
  "outputs": {
    "instance_r1_az": {
      "value": "us-east-1b",
      "type": "string"
    },
    "instance_r1_public_ip": {
      "value": "13.218.233.73",
      "type": "string"
    },
    "instance_r2_az": {
      "value": "us-west-2b",
      "type": "string"
    },
    "instance_r2_public_ip": {
      "value": "35.91.171.118",
      "type": "string"
    }
  },
  "resources": [
    {
      "mode": "data",
      "type": "aws_ami",
      "name": "r1_amzn2",
      "provider": "provider[\"registry.terraform.io/hashicorp/aws\"].r1",
      "instances": [
        {
          "schema_version": 0,
          "attributes": {
            "allow_unsafe_filter": null,
            "architecture": "x86_64",
            "arn": "arn:aws:ec2:us-east-1::image/ami-0601422bf6afa8ac3",
            "block_device_mappings": [
              {
                "device_name": "/dev/xvda",
                "ebs": {
                  "delete_on_termination": "true",
                  "encrypted": "false",
                  "iops": "0",
                  "snapshot_id": "snap-009bb0813babda1d2",
                  "throughput": "0",
                  "volume_initialization_rate": "0",
                  "volume_size": "8",
                  "volume_type": "gp2"
                },
                "no_device": "",
                "virtual_name": ""
              }
            ],
            "boot_mode": "",
            "creation_date": "2025-10-24T17:55:29.000Z",
            "deprecation_time": "2026-01-22T00:00:00.000Z",
            "description": "Amazon Linux 2 AMI 2.0.20251027.1 x86_64 HVM gp2",
            "ena_support": true,
            "executable_users": null,
            "filter": [
              {
                "name": "architecture",
                "values": [
                  "x86_64"
                ]
              },
              {
                "name": "name",
                "values": [
                  "amzn2-ami-hvm-*-x86_64-gp2"
                ]
              }
            ],
            "hypervisor": "xen",
            "id": "ami-0601422bf6afa8ac3",
            "image_id": "ami-0601422bf6afa8ac3",
            "image_location": "amazon/amzn2-ami-hvm-2.0.20251027.1-x86_64-gp2",
            "image_owner_alias": "amazon",
            "image_type": "machine",
            "imds_support": "",
            "include_deprecated": false,
            "kernel_id": "",
            "last_launched_time": "",
            "most_recent": true,
            "name": "amzn2-ami-hvm-2.0.20251027.1-x86_64-gp2",
            "name_regex": null,
            "owner_id": "137112412989",
            "owners": [
              "137112412989",
              "amazon"
            ],
            "platform": "",
            "platform_details": "Linux/UNIX",
            "product_codes": [],
            "public": true,
            "ramdisk_id": "",
            "region": "us-east-1",
            "root_device_name": "/dev/xvda",
            "root_device_type": "ebs",
            "root_snapshot_id": "snap-009bb0813babda1d2",
            "sriov_net_support": "simple",
            "state": "available",
            "state_reason": {
              "code": "UNSET",
              "message": "UNSET"
            },
            "tags": {},
            "timeouts": null,
            "tpm_support": "",
            "uefi_data": null,
            "usage_operation": "RunInstances",
            "virtualization_type": "hvm"
          },
          "sensitive_attributes": [],
          "identity_schema_version": 0
        }
      ]
    },
    {
      "mode": "data",
      "type": "aws_ami",
      "name": "r2_amzn2",
      "provider": "provider[\"registry.terraform.io/hashicorp/aws\"].r2",
      "instances": [
        {
          "schema_version": 0,
          "attributes": {
            "allow_unsafe_filter": null,
            "architecture": "x86_64",
            "arn": "arn:aws:ec2:us-west-2::image/ami-069f9cce803c015bc",
            "block_device_mappings": [
              {
                "device_name": "/dev/xvda",
                "ebs": {
                  "delete_on_termination": "true",
                  "encrypted": "false",
                  "iops": "0",
                  "snapshot_id": "snap-0e9abd299e3e7e6c4",
                  "throughput": "0",
                  "volume_initialization_rate": "0",
                  "volume_size": "8",
                  "volume_type": "gp2"
                },
                "no_device": "",
                "virtual_name": ""
              }
            ],
            "boot_mode": "",
            "creation_date": "2025-10-24T17:43:42.000Z",
            "deprecation_time": "2026-01-22T17:44:00.000Z",
            "description": "Amazon Linux 2 AMI 2.0.20251027.1 x86_64 HVM gp2",
            "ena_support": true,
            "executable_users": null,
            "filter": [
              {
                "name": "architecture",
                "values": [
                  "x86_64"
                ]
              },
              {
                "name": "name",
                "values": [
                  "amzn2-ami-hvm-*-x86_64-gp2"
                ]
              }
            ],
            "hypervisor": "xen",
            "id": "ami-069f9cce803c015bc",
            "image_id": "ami-069f9cce803c015bc",
            "image_location": "amazon/amzn2-ami-hvm-2.0.20251027.1-x86_64-gp2",
            "image_owner_alias": "amazon",
            "image_type": "machine",
            "imds_support": "",
            "include_deprecated": false,
            "kernel_id": "",
            "last_launched_time": "",
            "most_recent": true,
            "name": "amzn2-ami-hvm-2.0.20251027.1-x86_64-gp2",
            "name_regex": null,
            "owner_id": "137112412989",
            "owners": [
              "137112412989",
              "amazon"
            ],
            "platform": "",
            "platform_details": "Linux/UNIX",
            "product_codes": [],
            "public": true,
            "ramdisk_id": "",
            "region": "us-west-2",
            "root_device_name": "/dev/xvda",
            "root_device_type": "ebs",
            "root_snapshot_id": "snap-0e9abd299e3e7e6c4",
            "sriov_net_support": "simple",
            "state": "available",
            "state_reason": {
              "code": "UNSET",
              "message": "UNSET"
            },
            "tags": {},
            "timeouts": null,
            "tpm_support": "",
            "uefi_data": null,
            "usage_operation": "RunInstances",
            "virtualization_type": "hvm"
          },
          "sensitive_attributes": [],
          "identity_schema_version": 0
        }
      ]
    },
    {
      "mode": "managed",
      "type": "aws_instance",
      "name": "instance_r1",
      "provider": "provider[\"registry.terraform.io/hashicorp/aws\"].r1",
      "instances": [
        {
          "schema_version": 2,
          "attributes": {
            "ami": "ami-0601422bf6afa8ac3",
            "arn": "arn:aws:ec2:us-east-1:663666505368:instance/i-05cc2b39a1ecf7353",
            "associate_public_ip_address": true,
            "availability_zone": "us-east-1b",
            "capacity_reservation_specification": [
              {
                "capacity_reservation_preference": "open",
                "capacity_reservation_target": []
              }
            ],
            "cpu_options": [
              {
                "amd_sev_snp": "",
                "core_count": 1,
                "threads_per_core": 2
              }
            ],
            "credit_specification": [
              {
                "cpu_credits": "unlimited"
              }
            ],
            "disable_api_stop": false,
            "disable_api_termination": false,
            "ebs_block_device": [],
            "ebs_optimized": false,
            "enable_primary_ipv6": null,
            "enclave_options": [
              {
                "enabled": false
              }
            ],
            "ephemeral_block_device": [],
            "force_destroy": false,
            "get_password_data": false,
            "hibernation": false,
            "host_id": "",
            "host_resource_group_arn": null,
            "iam_instance_profile": "",
            "id": "i-05cc2b39a1ecf7353",
            "instance_initiated_shutdown_behavior": "stop",
            "instance_lifecycle": "",
            "instance_market_options": [],
            "instance_state": "running",
            "instance_type": "t3.micro",
            "ipv6_address_count": 0,
            "ipv6_addresses": [],
            "key_name": "two-region-key-us-east-1",
            "launch_template": [],
            "maintenance_options": [
              {
                "auto_recovery": "default"
              }
            ],
            "metadata_options": [
              {
                "http_endpoint": "enabled",
                "http_protocol_ipv6": "disabled",
                "http_put_response_hop_limit": 1,
                "http_tokens": "optional",
                "instance_metadata_tags": "disabled"
              }
            ],
            "monitoring": false,
            "network_interface": [],
            "outpost_arn": "",
            "password_data": "",
            "placement_group": "",
            "placement_group_id": "",
            "placement_partition_number": 0,
            "primary_network_interface": [
              {
                "delete_on_termination": true,
                "network_interface_id": "eni-0f727a2aa221a6b5f"
              }
            ],
            "primary_network_interface_id": "eni-0f727a2aa221a6b5f",
            "private_dns": "ip-172-31-17-95.ec2.internal",
            "private_dns_name_options": [
              {
                "enable_resource_name_dns_a_record": false,
                "enable_resource_name_dns_aaaa_record": false,
                "hostname_type": "ip-name"
              }
            ],
            "private_ip": "172.31.17.95",
            "public_dns": "ec2-13-218-233-73.compute-1.amazonaws.com",
            "public_ip": "13.218.233.73",
            "region": "us-east-1",
            "root_block_device": [
              {
                "delete_on_termination": true,
                "device_name": "/dev/xvda",
                "encrypted": false,
                "iops": 100,
                "kms_key_id": "",
                "tags": {},
                "tags_all": {},
                "throughput": 0,
                "volume_id": "vol-01862117a2395d7fb",
                "volume_size": 8,
                "volume_type": "gp2"
              }
            ],
            "secondary_private_ips": [],
            "security_groups": [
              "two-region-sg-us-east-1"
            ],
            "source_dest_check": true,
            "spot_instance_request_id": "",
            "subnet_id": "subnet-0f7c38828fc5c99f4",
            "tags": {
              "Name": "two-region-instance-us-east-1",
              "Region": "us-east-1"
            },
            "tags_all": {
              "Name": "two-region-instance-us-east-1",
              "Region": "us-east-1"
            },
            "tenancy": "default",
            "timeouts": null,
            "user_data": null,
            "user_data_base64": null,
            "user_data_replace_on_change": false,
            "volume_tags": null,
            "vpc_security_group_ids": [
              "sg-0f1919235f03af197"
            ]
          },
          "sensitive_attributes": [],
          "identity_schema_version": 0,
          "identity": {
            "account_id": "663666505368",
            "id": "i-05cc2b39a1ecf7353",
            "region": "us-east-1"
          },
          "private": "eyJlMmJmYjczMC1lY2FhLTExZTYtOGY4OC0zNDM2M2JjN2M0YzAiOnsiY3JlYXRlIjo2MDAwMDAwMDAwMDAsImRlbGV0ZSI6MTIwMDAwMDAwMDAwMCwicmVhZCI6OTAwMDAwMDAwMDAwLCJ1cGRhdGUiOjYwMDAwMDAwMDAwMH0sInNjaGVtYV92ZXJzaW9uIjoiMiJ9",
          "dependencies": [
            "aws_key_pair.kp_r1",
            "aws_security_group.sg_r1",
            "data.aws_ami.r1_amzn2"
          ]
        }
      ]
    },
    {
      "mode": "managed",
      "type": "aws_instance",
      "name": "instance_r2",
      "provider": "provider[\"registry.terraform.io/hashicorp/aws\"].r2",
      "instances": [
        {
          "schema_version": 2,
          "attributes": {
            "ami": "ami-069f9cce803c015bc",
            "arn": "arn:aws:ec2:us-west-2:663666505368:instance/i-08039939caddc81e0",
            "associate_public_ip_address": true,
            "availability_zone": "us-west-2b",
            "capacity_reservation_specification": [
              {
                "capacity_reservation_preference": "open",
                "capacity_reservation_target": []
              }
            ],
            "cpu_options": [
              {
                "amd_sev_snp": "",
                "core_count": 1,
                "threads_per_core": 2
              }
            ],
            "credit_specification": [
              {
                "cpu_credits": "unlimited"
              }
            ],
            "disable_api_stop": false,
            "disable_api_termination": false,
            "ebs_block_device": [],
            "ebs_optimized": false,
            "enable_primary_ipv6": null,
            "enclave_options": [
              {
                "enabled": false
              }
            ],
            "ephemeral_block_device": [],
            "force_destroy": false,
            "get_password_data": false,
            "hibernation": false,
            "host_id": "",
            "host_resource_group_arn": null,
            "iam_instance_profile": "",
            "id": "i-08039939caddc81e0",
            "instance_initiated_shutdown_behavior": "stop",
            "instance_lifecycle": "",
            "instance_market_options": [],
            "instance_state": "running",
            "instance_type": "t3.micro",
            "ipv6_address_count": 0,
            "ipv6_addresses": [],
            "key_name": "two-region-key-us-west-2",
            "launch_template": [],
            "maintenance_options": [
              {
                "auto_recovery": "default"
              }
            ],
            "metadata_options": [
              {
                "http_endpoint": "enabled",
                "http_protocol_ipv6": "disabled",
                "http_put_response_hop_limit": 1,
                "http_tokens": "optional",
                "instance_metadata_tags": "disabled"
              }
            ],
            "monitoring": false,
            "network_interface": [],
            "outpost_arn": "",
            "password_data": "",
            "placement_group": "",
            "placement_group_id": "",
            "placement_partition_number": 0,
            "primary_network_interface": [
              {
                "delete_on_termination": true,
                "network_interface_id": "eni-08b591a3ca74d7594"
              }
            ],
            "primary_network_interface_id": "eni-08b591a3ca74d7594",
            "private_dns": "ip-172-31-24-43.us-west-2.compute.internal",
            "private_dns_name_options": [
              {
                "enable_resource_name_dns_a_record": false,
                "enable_resource_name_dns_aaaa_record": false,
                "hostname_type": "ip-name"
              }
            ],
            "private_ip": "172.31.24.43",
            "public_dns": "ec2-35-91-171-118.us-west-2.compute.amazonaws.com",
            "public_ip": "35.91.171.118",
            "region": "us-west-2",
            "root_block_device": [
              {
                "delete_on_termination": true,
                "device_name": "/dev/xvda",
                "encrypted": false,
                "iops": 100,
                "kms_key_id": "",
                "tags": {},
                "tags_all": {},
                "throughput": 0,
                "volume_id": "vol-0d619be2325af4f96",
                "volume_size": 8,
                "volume_type": "gp2"
              }
            ],
            "secondary_private_ips": [],
            "security_groups": [
              "two-region-sg-us-west-2"
            ],
            "source_dest_check": true,
            "spot_instance_request_id": "",
            "subnet_id": "subnet-0086f17d722dcc147",
            "tags": {
              "Name": "two-region-instance-us-west-2",
              "Region": "us-west-2"
            },
            "tags_all": {
              "Name": "two-region-instance-us-west-2",
              "Region": "us-west-2"
            },
            "tenancy": "default",
            "timeouts": null,
            "user_data": null,
            "user_data_base64": null,
            "user_data_replace_on_change": false,
            "volume_tags": null,
            "vpc_security_group_ids": [
              "sg-08e9b1b9ea6d3bb1a"
            ]
          },
          "sensitive_attributes": [],
          "identity_schema_version": 0,
          "identity": {
            "account_id": "663666505368",
            "id": "i-08039939caddc81e0",
            "region": "us-west-2"
          },
          "private": "eyJlMmJmYjczMC1lY2FhLTExZTYtOGY4OC0zNDM2M2JjN2M0YzAiOnsiY3JlYXRlIjo2MDAwMDAwMDAwMDAsImRlbGV0ZSI6MTIwMDAwMDAwMDAwMCwicmVhZCI6OTAwMDAwMDAwMDAwLCJ1cGRhdGUiOjYwMDAwMDAwMDAwMH0sInNjaGVtYV92ZXJzaW9uIjoiMiJ9",
          "dependencies": [
            "aws_key_pair.kp_r2",
            "aws_security_group.sg_r2",
            "data.aws_ami.r2_amzn2"
          ]
        }
      ]
    },
    {
      "mode": "managed",
      "type": "aws_key_pair",
      "name": "kp_r1",
      "provider": "provider[\"registry.terraform.io/hashicorp/aws\"].r1",
      "instances": [
        {
          "schema_version": 1,
          "attributes": {
            "arn": "arn:aws:ec2:us-east-1:663666505368:key-pair/two-region-key-us-east-1",
            "fingerprint": "78:35:54:fa:05:64:5a:6b:2c:77:d6:73:88:ae:08:3e",
            "id": "two-region-key-us-east-1",
            "key_name": "two-region-key-us-east-1",
            "key_name_prefix": "",
            "key_pair_id": "key-05a2e062c02a71603",
            "key_type": "rsa",
            "public_key": "ssh-rsa AAAAB3NzaC1yc2EAAAADAQABAAACAQD4VSpA43gIN/R5HKX4Y0SpHeZwCHf54FrajHTJMVcJYFPFys+Do4xmk8XL5Fns3F6Bz1vncFyawzdZicyQ7oBtBYSWNlcsar2JFR7wJu0Pm11wiMbDDtAm9NfREcLbTXGuYMh4iA9IcljBOjuYG0q5C1xiqZiSNboPTXrUDmzSipyOekVIDqSEIIKqTux01b/immHyY5Hc24hGEBPSlttgyEjcjFJdzwLpO1uHiSNR0g9kRnQFDXQHnHxe06Od6g+6YZWMAplrzr43TSkm+o27r/OFdUO5DttjdROmV5xMHBFBnoF9HMgH/3ltgRzeRIxZhqBqU4tzaHS0QmzEDt8XFwzedXCp2hJJMqM2gcCePRn3scRuq7bSSgHqoHVUSSZLpeX8UY7imOJDIujjOXB82+lP1mKYLHLZUd7Uswidcqdvn2VIlzq1/4sagVMW/FQVFDPDm62XEA0f68aRSD9XPbG8fKU7Q83lCcZl9xCfvG8abOLuG6xNEOysQOT27ru+7ExcPUeYXHjDykYQLl7xtcNr2K3x9piDDWBU0tWJ+W5PBQudpaE9yuHL0tLNs0FCuj2t7G9EWo02SDkJ/KRKZVekqchyPyOLvpp75L2DgpLK7yxGs2lan7bZiEtMFd2UHx8QDEEwyrHh+o2waRaTnKMYRVF1+lmKkTBJEwiG3w== megadesk@Manasadevi",
            "region": "us-east-1",
            "tags": null,
            "tags_all": {}
          },
          "sensitive_attributes": [],
          "identity_schema_version": 0,
          "private": "eyJzY2hlbWFfdmVyc2lvbiI6IjEifQ=="
        }
      ]
    },
    {
      "mode": "managed",
      "type": "aws_key_pair",
      "name": "kp_r2",
      "provider": "provider[\"registry.terraform.io/hashicorp/aws\"].r2",
      "instances": [
        {
          "schema_version": 1,
          "attributes": {
            "arn": "arn:aws:ec2:us-west-2:663666505368:key-pair/two-region-key-us-west-2",
            "fingerprint": "78:35:54:fa:05:64:5a:6b:2c:77:d6:73:88:ae:08:3e",
            "id": "two-region-key-us-west-2",
            "key_name": "two-region-key-us-west-2",
            "key_name_prefix": "",
            "key_pair_id": "key-0f6e3d0e9c93d33a1",
            "key_type": "rsa",
            "public_key": "ssh-rsa AAAAB3NzaC1yc2EAAAADAQABAAACAQD4VSpA43gIN/R5HKX4Y0SpHeZwCHf54FrajHTJMVcJYFPFys+Do4xmk8XL5Fns3F6Bz1vncFyawzdZicyQ7oBtBYSWNlcsar2JFR7wJu0Pm11wiMbDDtAm9NfREcLbTXGuYMh4iA9IcljBOjuYG0q5C1xiqZiSNboPTXrUDmzSipyOekVIDqSEIIKqTux01b/immHyY5Hc24hGEBPSlttgyEjcjFJdzwLpO1uHiSNR0g9kRnQFDXQHnHxe06Od6g+6YZWMAplrzr43TSkm+o27r/OFdUO5DttjdROmV5xMHBFBnoF9HMgH/3ltgRzeRIxZhqBqU4tzaHS0QmzEDt8XFwzedXCp2hJJMqM2gcCePRn3scRuq7bSSgHqoHVUSSZLpeX8UY7imOJDIujjOXB82+lP1mKYLHLZUd7Uswidcqdvn2VIlzq1/4sagVMW/FQVFDPDm62XEA0f68aRSD9XPbG8fKU7Q83lCcZl9xCfvG8abOLuG6xNEOysQOT27ru+7ExcPUeYXHjDykYQLl7xtcNr2K3x9piDDWBU0tWJ+W5PBQudpaE9yuHL0tLNs0FCuj2t7G9EWo02SDkJ/KRKZVekqchyPyOLvpp75L2DgpLK7yxGs2lan7bZiEtMFd2UHx8QDEEwyrHh+o2waRaTnKMYRVF1+lmKkTBJEwiG3w== megadesk@Manasadevi",
            "region": "us-west-2",
            "tags": null,
            "tags_all": {}
          },
          "sensitive_attributes": [],
          "identity_schema_version": 0,
          "private": "eyJzY2hlbWFfdmVyc2lvbiI6IjEifQ=="
        }
      ]
    },
    {
      "mode": "managed",
      "type": "aws_security_group",
      "name": "sg_r1",
      "provider": "provider[\"registry.terraform.io/hashicorp/aws\"].r1",
      "instances": [
        {
          "schema_version": 1,
          "attributes": {
            "arn": "arn:aws:ec2:us-east-1:663666505368:security-group/sg-0f1919235f03af197",
            "description": "Allow SSH ingress",
            "egress": [
              {
                "cidr_blocks": [
                  "0.0.0.0/0"
                ],
                "description": "",
                "from_port": 0,
                "ipv6_cidr_blocks": [],
                "prefix_list_ids": [],
                "protocol": "-1",
                "security_groups": [],
                "self": false,
                "to_port": 0
              }
            ],
            "id": "sg-0f1919235f03af197",
            "ingress": [
              {
                "cidr_blocks": [
                  "0.0.0.0/0"
                ],
                "description": "",
                "from_port": 22,
                "ipv6_cidr_blocks": [],
                "prefix_list_ids": [],
                "protocol": "tcp",
                "security_groups": [],
                "self": false,
                "to_port": 22
              }
            ],
            "name": "two-region-sg-us-east-1",
            "name_prefix": "",
            "owner_id": "663666505368",
            "region": "us-east-1",
            "revoke_rules_on_delete": false,
            "tags": null,
            "tags_all": {},
            "timeouts": null,
            "vpc_id": "vpc-0357b2b91191ee6ca"
          },
          "sensitive_attributes": [],
          "identity_schema_version": 0,
          "identity": {
            "account_id": "663666505368",
            "id": "sg-0f1919235f03af197",
            "region": "us-east-1"
          },
          "private": "eyJlMmJmYjczMC1lY2FhLTExZTYtOGY4OC0zNDM2M2JjN2M0YzAiOnsiY3JlYXRlIjo2MDAwMDAwMDAwMDAsImRlbGV0ZSI6OTAwMDAwMDAwMDAwfSwic2NoZW1hX3ZlcnNpb24iOiIxIn0="
        }
      ]
    },
    {
      "mode": "managed",
      "type": "aws_security_group",
      "name": "sg_r2",
      "provider": "provider[\"registry.terraform.io/hashicorp/aws\"].r2",
      "instances": [
        {
          "schema_version": 1,
          "attributes": {
            "arn": "arn:aws:ec2:us-west-2:663666505368:security-group/sg-08e9b1b9ea6d3bb1a",
            "description": "Allow SSH ingress",
            "egress": [
              {
                "cidr_blocks": [
                  "0.0.0.0/0"
                ],
                "description": "",
                "from_port": 0,
                "ipv6_cidr_blocks": [],
                "prefix_list_ids": [],
                "protocol": "-1",
                "security_groups": [],
                "self": false,
                "to_port": 0
              }
            ],
            "id": "sg-08e9b1b9ea6d3bb1a",
            "ingress": [
              {
                "cidr_blocks": [
                  "0.0.0.0/0"
                ],
                "description": "",
                "from_port": 22,
                "ipv6_cidr_blocks": [],
                "prefix_list_ids": [],
                "protocol": "tcp",
                "security_groups": [],
                "self": false,
                "to_port": 22
              }
            ],
            "name": "two-region-sg-us-west-2",
            "name_prefix": "",
            "owner_id": "663666505368",
            "region": "us-west-2",
            "revoke_rules_on_delete": false,
            "tags": null,
            "tags_all": {},
            "timeouts": null,
            "vpc_id": "vpc-04e38360f7d6b9b6a"
          },
          "sensitive_attributes": [],
          "identity_schema_version": 0,
          "identity": {
            "account_id": "663666505368",
            "id": "sg-08e9b1b9ea6d3bb1a",
            "region": "us-west-2"
          },
          "private": "eyJlMmJmYjczMC1lY2FhLTExZTYtOGY4OC0zNDM2M2JjN2M0YzAiOnsiY3JlYXRlIjo2MDAwMDAwMDAwMDAsImRlbGV0ZSI6OTAwMDAwMDAwMDAwfSwic2NoZW1hX3ZlcnNpb24iOiIxIn0="
        }
      ]
    }
  ],
  "check_results": null
}
